// !$*UTF8*$!
{
	archiveVersion = 1;
	classes = {
	};
	objectVersion = 48;
	objects = {

/* Begin PBXBuildFile section */
		2C72EA812797BBA0B2BCCCD3 /* Pods_FastGame.framework in Frameworks */ = {isa = PBXBuildFile; fileRef = 164F7F097CA22033BD82DF42 /* Pods_FastGame.framework */; };
		3B658711207BC877008D7EC3 /* AppDelegate.swift in Sources */ = {isa = PBXBuildFile; fileRef = 3B658710207BC877008D7EC3 /* AppDelegate.swift */; };
		3B658713207BC877008D7EC3 /* ViewController.swift in Sources */ = {isa = PBXBuildFile; fileRef = 3B658712207BC877008D7EC3 /* ViewController.swift */; };
		3B658716207BC877008D7EC3 /* Main.storyboard in Resources */ = {isa = PBXBuildFile; fileRef = 3B658714207BC877008D7EC3 /* Main.storyboard */; };
		3B658718207BC877008D7EC3 /* Assets.xcassets in Resources */ = {isa = PBXBuildFile; fileRef = 3B658717207BC877008D7EC3 /* Assets.xcassets */; };
		3B65871B207BC877008D7EC3 /* LaunchScreen.storyboard in Resources */ = {isa = PBXBuildFile; fileRef = 3B658719207BC877008D7EC3 /* LaunchScreen.storyboard */; };
		3B658723207BCFC8008D7EC3 /* RegisterController.swift in Sources */ = {isa = PBXBuildFile; fileRef = 3B658722207BCFC8008D7EC3 /* RegisterController.swift */; };
		3B658725207D3BFF008D7EC3 /* ProductViewController.swift in Sources */ = {isa = PBXBuildFile; fileRef = 3B658724207D3BFF008D7EC3 /* ProductViewController.swift */; };
/* End PBXBuildFile section */

/* Begin PBXFileReference section */
		14D7608F68CE5E0C9BB38693 /* Pods-FastGame.release.xcconfig */ = {isa = PBXFileReference; includeInIndex = 1; lastKnownFileType = text.xcconfig; name = "Pods-FastGame.release.xcconfig"; path = "Pods/Target Support Files/Pods-FastGame/Pods-FastGame.release.xcconfig"; sourceTree = "<group>"; };
		164F7F097CA22033BD82DF42 /* Pods_FastGame.framework */ = {isa = PBXFileReference; explicitFileType = wrapper.framework; includeInIndex = 0; path = Pods_FastGame.framework; sourceTree = BUILT_PRODUCTS_DIR; };
		3B65870D207BC877008D7EC3 /* FastGame.app */ = {isa = PBXFileReference; explicitFileType = wrapper.application; includeInIndex = 0; path = FastGame.app; sourceTree = BUILT_PRODUCTS_DIR; };
		3B658710207BC877008D7EC3 /* AppDelegate.swift */ = {isa = PBXFileReference; lastKnownFileType = sourcecode.swift; path = AppDelegate.swift; sourceTree = "<group>"; };
		3B658712207BC877008D7EC3 /* ViewController.swift */ = {isa = PBXFileReference; lastKnownFileType = sourcecode.swift; path = ViewController.swift; sourceTree = "<group>"; };
		3B658715207BC877008D7EC3 /* Base */ = {isa = PBXFileReference; lastKnownFileType = file.storyboard; name = Base; path = Base.lproj/Main.storyboard; sourceTree = "<group>"; };
		3B658717207BC877008D7EC3 /* Assets.xcassets */ = {isa = PBXFileReference; lastKnownFileType = folder.assetcatalog; path = Assets.xcassets; sourceTree = "<group>"; };
		3B65871A207BC877008D7EC3 /* Base */ = {isa = PBXFileReference; lastKnownFileType = file.storyboard; name = Base; path = Base.lproj/LaunchScreen.storyboard; sourceTree = "<group>"; };
		3B65871C207BC877008D7EC3 /* Info.plist */ = {isa = PBXFileReference; lastKnownFileType = text.plist.xml; path = Info.plist; sourceTree = "<group>"; };
		3B658722207BCFC8008D7EC3 /* RegisterController.swift */ = {isa = PBXFileReference; lastKnownFileType = sourcecode.swift; path = RegisterController.swift; sourceTree = "<group>"; };
		3B658724207D3BFF008D7EC3 /* ProductViewController.swift */ = {isa = PBXFileReference; lastKnownFileType = sourcecode.swift; path = ProductViewController.swift; sourceTree = "<group>"; };
		8E7EFB078AADF59D73CC9980 /* Pods-FastGame.debug.xcconfig */ = {isa = PBXFileReference; includeInIndex = 1; lastKnownFileType = text.xcconfig; name = "Pods-FastGame.debug.xcconfig"; path = "Pods/Target Support Files/Pods-FastGame/Pods-FastGame.debug.xcconfig"; sourceTree = "<group>"; };
/* End PBXFileReference section */

/* Begin PBXFrameworksBuildPhase section */
		3B65870A207BC877008D7EC3 /* Frameworks */ = {
			isa = PBXFrameworksBuildPhase;
			buildActionMask = 2147483647;
			files = (
				2C72EA812797BBA0B2BCCCD3 /* Pods_FastGame.framework in Frameworks */,
			);
			runOnlyForDeploymentPostprocessing = 0;
		};
/* End PBXFrameworksBuildPhase section */

/* Begin PBXGroup section */
		0DE5ECC928A36C6E30542983 /* Pods */ = {
			isa = PBXGroup;
			children = (
				8E7EFB078AADF59D73CC9980 /* Pods-FastGame.debug.xcconfig */,
				14D7608F68CE5E0C9BB38693 /* Pods-FastGame.release.xcconfig */,
			);
			name = Pods;
			sourceTree = "<group>";
		};
		25D9E52332EE3ABCFBE2FCEA /* Frameworks */ = {
			isa = PBXGroup;
			children = (
				164F7F097CA22033BD82DF42 /* Pods_FastGame.framework */,
			);
			name = Frameworks;
			sourceTree = "<group>";
		};
		3B658704207BC877008D7EC3 = {
			isa = PBXGroup;
			children = (
				3B65870F207BC877008D7EC3 /* FastGame */,
				3B65870E207BC877008D7EC3 /* Products */,
				0DE5ECC928A36C6E30542983 /* Pods */,
				25D9E52332EE3ABCFBE2FCEA /* Frameworks */,
			);
			sourceTree = "<group>";
		};
		3B65870E207BC877008D7EC3 /* Products */ = {
			isa = PBXGroup;
			children = (
				3B65870D207BC877008D7EC3 /* FastGame.app */,
			);
			name = Products;
			sourceTree = "<group>";
		};
		3B65870F207BC877008D7EC3 /* FastGame */ = {
			isa = PBXGroup;
			children = (
				3B658710207BC877008D7EC3 /* AppDelegate.swift */,
				3B658712207BC877008D7EC3 /* ViewController.swift */,
				3B658722207BCFC8008D7EC3 /* RegisterController.swift */,
				3B658724207D3BFF008D7EC3 /* ProductViewController.swift */,
				3B658714207BC877008D7EC3 /* Main.storyboard */,
				3B658717207BC877008D7EC3 /* Assets.xcassets */,
				3B658719207BC877008D7EC3 /* LaunchScreen.storyboard */,
				3B65871C207BC877008D7EC3 /* Info.plist */,
			);
			path = FastGame;
			sourceTree = "<group>";
		};
/* End PBXGroup section */

/* Begin PBXNativeTarget section */
		3B65870C207BC877008D7EC3 /* FastGame */ = {
			isa = PBXNativeTarget;
			buildConfigurationList = 3B65871F207BC877008D7EC3 /* Build configuration list for PBXNativeTarget "FastGame" */;
			buildPhases = (
				56CBFB006E2B1BF73829CF52 /* [CP] Check Pods Manifest.lock */,
				3B658709207BC877008D7EC3 /* Sources */,
				3B65870A207BC877008D7EC3 /* Frameworks */,
				3B65870B207BC877008D7EC3 /* Resources */,
				F4ABB88F8CB96B555D36C4EF /* [CP] Embed Pods Frameworks */,
			);
			buildRules = (
			);
			dependencies = (
			);
			name = FastGame;
			productName = FastGame;
			productReference = 3B65870D207BC877008D7EC3 /* FastGame.app */;
			productType = "com.apple.product-type.application";
		};
/* End PBXNativeTarget section */

/* Begin PBXProject section */
		3B658705207BC877008D7EC3 /* Project object */ = {
			isa = PBXProject;
			attributes = {
				LastSwiftUpdateCheck = 0920;
				LastUpgradeCheck = 0920;
				ORGANIZATIONNAME = Supakornbabe;
				TargetAttributes = {
					3B65870C207BC877008D7EC3 = {
						CreatedOnToolsVersion = 9.2;
						ProvisioningStyle = Automatic;
					};
				};
			};
			buildConfigurationList = 3B658708207BC877008D7EC3 /* Build configuration list for PBXProject "FastGame" */;
			compatibilityVersion = "Xcode 8.0";
			developmentRegion = en;
			hasScannedForEncodings = 0;
			knownRegions = (
				en,
				Base,
			);
			mainGroup = 3B658704207BC877008D7EC3;
			productRefGroup = 3B65870E207BC877008D7EC3 /* Products */;
			projectDirPath = "";
			projectRoot = "";
			targets = (
				3B65870C207BC877008D7EC3 /* FastGame */,
			);
		};
/* End PBXProject section */

/* Begin PBXResourcesBuildPhase section */
		3B65870B207BC877008D7EC3 /* Resources */ = {
			isa = PBXResourcesBuildPhase;
			buildActionMask = 2147483647;
			files = (
				3B65871B207BC877008D7EC3 /* LaunchScreen.storyboard in Resources */,
				3B658718207BC877008D7EC3 /* Assets.xcassets in Resources */,
				3B658716207BC877008D7EC3 /* Main.storyboard in Resources */,
			);
			runOnlyForDeploymentPostprocessing = 0;
		};
/* End PBXResourcesBuildPhase section */

/* Begin PBXShellScriptBuildPhase section */
		56CBFB006E2B1BF73829CF52 /* [CP] Check Pods Manifest.lock */ = {
			isa = PBXShellScriptBuildPhase;
			buildActionMask = 2147483647;
			files = (
			);
			inputPaths = (
				"${PODS_PODFILE_DIR_PATH}/Podfile.lock",
				"${PODS_ROOT}/Manifest.lock",
			);
			name = "[CP] Check Pods Manifest.lock";
			outputPaths = (
				"$(DERIVED_FILE_DIR)/Pods-FastGame-checkManifestLockResult.txt",
			);
			runOnlyForDeploymentPostprocessing = 0;
			shellPath = /bin/sh;
			shellScript = "diff \"${PODS_PODFILE_DIR_PATH}/Podfile.lock\" \"${PODS_ROOT}/Manifest.lock\" > /dev/null\nif [ $? != 0 ] ; then\n    # print error to STDERR\n    echo \"error: The sandbox is not in sync with the Podfile.lock. Run 'pod install' or update your CocoaPods installation.\" >&2\n    exit 1\nfi\n# This output is used by Xcode 'outputs' to avoid re-running this script phase.\necho \"SUCCESS\" > \"${SCRIPT_OUTPUT_FILE_0}\"\n";
			showEnvVarsInLog = 0;
		};
		F4ABB88F8CB96B555D36C4EF /* [CP] Embed Pods Frameworks */ = {
			isa = PBXShellScriptBuildPhase;
			buildActionMask = 2147483647;
			files = (
			);
			inputPaths = (
				"${SRCROOT}/Pods/Target Support Files/Pods-FastGame/Pods-FastGame-frameworks.sh",
				"${BUILT_PRODUCTS_DIR}/NVActivityIndicatorView/NVActivityIndicatorView.framework",
				"${BUILT_PRODUCTS_DIR}/SwiftKeychainWrapper/SwiftKeychainWrapper.framework",
			);
			name = "[CP] Embed Pods Frameworks";
			outputPaths = (
				"${TARGET_BUILD_DIR}/${FRAMEWORKS_FOLDER_PATH}/NVActivityIndicatorView.framework",
				"${TARGET_BUILD_DIR}/${FRAMEWORKS_FOLDER_PATH}/SwiftKeychainWrapper.framework",
			);
			runOnlyForDeploymentPostprocessing = 0;
			shellPath = /bin/sh;
			shellScript = "\"${SRCROOT}/Pods/Target Support Files/Pods-FastGame/Pods-FastGame-frameworks.sh\"\n";
			showEnvVarsInLog = 0;
		};
/* End PBXShellScriptBuildPhase section */

/* Begin PBXSourcesBuildPhase section */
		3B658709207BC877008D7EC3 /* Sources */ = {
			isa = PBXSourcesBuildPhase;
			buildActionMask = 2147483647;
			files = (
				3B658713207BC877008D7EC3 /* ViewController.swift in Sources */,
				3B658711207BC877008D7EC3 /* AppDelegate.swift in Sources */,
				3B658725207D3BFF008D7EC3 /* ProductViewController.swift in Sources */,
				3B658723207BCFC8008D7EC3 /* RegisterController.swift in Sources */,
			);
			runOnlyForDeploymentPostprocessing = 0;
		};
/* End PBXSourcesBuildPhase section */

/* Begin PBXVariantGroup section */
		3B658714207BC877008D7EC3 /* Main.storyboard */ = {
			isa = PBXVariantGroup;
			children = (
				3B658715207BC877008D7EC3 /* Base */,
			);
			name = Main.storyboard;
			sourceTree = "<group>";
		};
		3B658719207BC877008D7EC3 /* LaunchScreen.storyboard */ = {
			isa = PBXVariantGroup;
			children = (
				3B65871A207BC877008D7EC3 /* Base */,
			);
			name = LaunchScreen.storyboard;
			sourceTree = "<group>";
		};
/* End PBXVariantGroup section */

/* Begin XCBuildConfiguration section */
		3B65871D207BC877008D7EC3 /* Debug */ = {
			isa = XCBuildConfiguration;
			buildSettings = {
				ALWAYS_SEARCH_USER_PATHS = NO;
				CLANG_ANALYZER_NONNULL = YES;
				CLANG_ANALYZER_NUMBER_OBJECT_CONVERSION = YES_AGGRESSIVE;
				CLANG_CXX_LANGUAGE_STANDARD = "gnu++14";
				CLANG_CXX_LIBRARY = "libc++";
				CLANG_ENABLE_MODULES = YES;
				CLANG_ENABLE_OBJC_ARC = YES;
				CLANG_WARN_BLOCK_CAPTURE_AUTORELEASING = YES;
				CLANG_WARN_BOOL_CONVERSION = YES;
				CLANG_WARN_COMMA = YES;
				CLANG_WARN_CONSTANT_CONVERSION = YES;
				CLANG_WARN_DIRECT_OBJC_ISA_USAGE = YES_ERROR;
				CLANG_WARN_DOCUMENTATION_COMMENTS = YES;
				CLANG_WARN_EMPTY_BODY = YES;
				CLANG_WARN_ENUM_CONVERSION = YES;
				CLANG_WARN_INFINITE_RECURSION = YES;
				CLANG_WARN_INT_CONVERSION = YES;
				CLANG_WARN_NON_LITERAL_NULL_CONVERSION = YES;
				CLANG_WARN_OBJC_LITERAL_CONVERSION = YES;
				CLANG_WARN_OBJC_ROOT_CLASS = YES_ERROR;
				CLANG_WARN_RANGE_LOOP_ANALYSIS = YES;
				CLANG_WARN_STRICT_PROTOTYPES = YES;
				CLANG_WARN_SUSPICIOUS_MOVE = YES;
				CLANG_WARN_UNGUARDED_AVAILABILITY = YES_AGGRESSIVE;
				CLANG_WARN_UNREACHABLE_CODE = YES;
				CLANG_WARN__DUPLICATE_METHOD_MATCH = YES;
				CODE_SIGN_IDENTITY = "iPhone Developer";
				COPY_PHASE_STRIP = NO;
				DEBUG_INFORMATION_FORMAT = dwarf;
				ENABLE_STRICT_OBJC_MSGSEND = YES;
				ENABLE_TESTABILITY = YES;
				GCC_C_LANGUAGE_STANDARD = gnu11;
				GCC_DYNAMIC_NO_PIC = NO;
				GCC_NO_COMMON_BLOCKS = YES;
				GCC_OPTIMIZATION_LEVEL = 0;
				GCC_PREPROCESSOR_DEFINITIONS = (
					"DEBUG=1",
					"$(inherited)",
				);
				GCC_WARN_64_TO_32_BIT_CONVERSION = YES;
				GCC_WARN_ABOUT_RETURN_TYPE = YES_ERROR;
				GCC_WARN_UNDECLARED_SELECTOR = YES;
				GCC_WARN_UNINITIALIZED_AUTOS = YES_AGGRESSIVE;
				GCC_WARN_UNUSED_FUNCTION = YES;
				GCC_WARN_UNUSED_VARIABLE = YES;
				IPHONEOS_DEPLOYMENT_TARGET = 11.2;
				MTL_ENABLE_DEBUG_INFO = YES;
				ONLY_ACTIVE_ARCH = YES;
				SDKROOT = iphoneos;
				SWIFT_ACTIVE_COMPILATION_CONDITIONS = DEBUG;
				SWIFT_OPTIMIZATION_LEVEL = "-Onone";
			};
			name = Debug;
		};
		3B65871E207BC877008D7EC3 /* Release */ = {
			isa = XCBuildConfiguration;
			buildSettings = {
				ALWAYS_SEARCH_USER_PATHS = NO;
				CLANG_ANALYZER_NONNULL = YES;
				CLANG_ANALYZER_NUMBER_OBJECT_CONVERSION = YES_AGGRESSIVE;
				CLANG_CXX_LANGUAGE_STANDARD = "gnu++14";
				CLANG_CXX_LIBRARY = "libc++";
				CLANG_ENABLE_MODULES = YES;
				CLANG_ENABLE_OBJC_ARC = YES;
				CLANG_WARN_BLOCK_CAPTURE_AUTORELEASING = YES;
				CLANG_WARN_BOOL_CONVERSION = YES;
				CLANG_WARN_COMMA = YES;
				CLANG_WARN_CONSTANT_CONVERSION = YES;
				CLANG_WARN_DIRECT_OBJC_ISA_USAGE = YES_ERROR;
				CLANG_WARN_DOCUMENTATION_COMMENTS = YES;
				CLANG_WARN_EMPTY_BODY = YES;
				CLANG_WARN_ENUM_CONVERSION = YES;
				CLANG_WARN_INFINITE_RECURSION = YES;
				CLANG_WARN_INT_CONVERSION = YES;
				CLANG_WARN_NON_LITERAL_NULL_CONVERSION = YES;
				CLANG_WARN_OBJC_LITERAL_CONVERSION = YES;
				CLANG_WARN_OBJC_ROOT_CLASS = YES_ERROR;
				CLANG_WARN_RANGE_LOOP_ANALYSIS = YES;
				CLANG_WARN_STRICT_PROTOTYPES = YES;
				CLANG_WARN_SUSPICIOUS_MOVE = YES;
				CLANG_WARN_UNGUARDED_AVAILABILITY = YES_AGGRESSIVE;
				CLANG_WARN_UNREACHABLE_CODE = YES;
				CLANG_WARN__DUPLICATE_METHOD_MATCH = YES;
				CODE_SIGN_IDENTITY = "iPhone Developer";
				COPY_PHASE_STRIP = NO;
				DEBUG_INFORMATION_FORMAT = "dwarf-with-dsym";
				ENABLE_NS_ASSERTIONS = NO;
				ENABLE_STRICT_OBJC_MSGSEND = YES;
				GCC_C_LANGUAGE_STANDARD = gnu11;
				GCC_NO_COMMON_BLOCKS = YES;
				GCC_WARN_64_TO_32_BIT_CONVERSION = YES;
				GCC_WARN_ABOUT_RETURN_TYPE = YES_ERROR;
				GCC_WARN_UNDECLARED_SELECTOR = YES;
				GCC_WARN_UNINITIALIZED_AUTOS = YES_AGGRESSIVE;
				GCC_WARN_UNUSED_FUNCTION = YES;
				GCC_WARN_UNUSED_VARIABLE = YES;
				IPHONEOS_DEPLOYMENT_TARGET = 11.2;
				MTL_ENABLE_DEBUG_INFO = NO;
				SDKROOT = iphoneos;
				SWIFT_OPTIMIZATION_LEVEL = "-Owholemodule";
				VALIDATE_PRODUCT = YES;
			};
			name = Release;
		};
		3B658720207BC877008D7EC3 /* Debug */ = {
			isa = XCBuildConfiguration;
			baseConfigurationReference = 8E7EFB078AADF59D73CC9980 /* Pods-FastGame.debug.xcconfig */;
			buildSettings = {
				ASSETCATALOG_COMPILER_APPICON_NAME = AppIcon;
				CODE_SIGN_STYLE = Automatic;
				DEVELOPMENT_TEAM = D8R853UY7D;
				INFOPLIST_FILE = FastGame/Info.plist;
				IPHONEOS_DEPLOYMENT_TARGET = 9.0;
				LD_RUNPATH_SEARCH_PATHS = "$(inherited) @executable_path/Frameworks";
				PRODUCT_BUNDLE_IDENTIFIER = com.supakornbabe.FastGame;
				PRODUCT_NAME = "$(TARGET_NAME)";
				SWIFT_VERSION = 4.0;
				TARGETED_DEVICE_FAMILY = "1,2";
			};
			name = Debug;
		};
		3B658721207BC877008D7EC3 /* Release */ = {
			isa = XCBuildConfiguration;
			baseConfigurationReference = 14D7608F68CE5E0C9BB38693 /* Pods-FastGame.release.xcconfig */;
			buildSettings = {
				ASSETCATALOG_COMPILER_APPICON_NAME = AppIcon;
				CODE_SIGN_STYLE = Automatic;
				DEVELOPMENT_TEAM = D8R853UY7D;
				INFOPLIST_FILE = FastGame/Info.plist;
				IPHONEOS_DEPLOYMENT_TARGET = 9.0;
				LD_RUNPATH_SEARCH_PATHS = "$(inherited) @executable_path/Frameworks";
				PRODUCT_BUNDLE_IDENTIFIER = com.supakornbabe.FastGame;
				PRODUCT_NAME = "$(TARGET_NAME)";
				SWIFT_VERSION = 4.0;
				TARGETED_DEVICE_FAMILY = "1,2";
			};
			name = Release;
		};
/* End XCBuildConfiguration section */

/* Begin XCConfigurationList section */
		3B658708207BC877008D7EC3 /* Build configuration list for PBXProject "FastGame" */ = {
			isa = XCConfigurationList;
			buildConfigurations = (
				3B65871D207BC877008D7EC3 /* Debug */,
				3B65871E207BC877008D7EC3 /* Release */,
			);
			defaultConfigurationIsVisible = 0;
			defaultConfigurationName = Release;
		};
		3B65871F207BC877008D7EC3 /* Build configuration list for PBXNativeTarget "FastGame" */ = {
			isa = XCConfigurationList;
			buildConfigurations = (
				3B658720207BC877008D7EC3 /* Debug */,
				3B658721207BC877008D7EC3 /* Release */,
			);
			defaultConfigurationIsVisible = 0;
			defaultConfigurationName = Release;
		};
/* End XCConfigurationList section */
	};
	rootObject = 3B658705207BC877008D7EC3 /* Project object */;
}
